vvenc=a169666d0e14426ca1b7779ebbe02655ca27bf4f
srt=52ceecdf5190885914f0f94d01be32441ccb1f4c
uavs3d=1fd04917cff50fac72ae23e45f82ca6fd9130bd8
twolame=90b694b6125dbe23a346bd5607a7fb63ad2785dc
highway=047980ac18f5ee664011dc6b1ae13ea919eaa6a4
liblc3=ce2e41faf8c06d038df9f32504c61109a14130be
rav1e=a2f01b3e233f531c28a20b4c29fb5c9e5d29fa6d
vapoursynth=18be5059166fb1d8643ae238e2142a1c57c533ad
Little-CMS=8e8a8c43d925fae533dddeb6a46ec96c209769bd
aribb24=5e9be272f96e00f15a2f3c5f8ba7e124862aec38
vid.stab=4bd81e3cdd778e2e0edc591f14bba158ec40cfa1
vo-amrwbenc=884dd247dbeb6b2bd2cd3291c4872de95700291f
OpenCL-Headers=5d52989617e7ca7b8bb83d7306525dc9f58cdd46
libcodec2=9583caa65eddaf1d3a914e2b82a6796cf8a2c76b
lensfun=021eb520546dca35c3d7e39c7559f14641143809
pcre2=774b3057ad80bb5f5d551033a9bedf419d1c9419
flite=6c9f20dc915b17f5619340069889db0aa007fcdc
libzmq=aaf88cdfd8286a81e569ac9d3e106df22a77a412
openjpeg=e7453e398b110891778d8da19209792c69ca7169
ocl-icd=2faf7063c91fdb0f2471f98bf5b2c49c8f907423
vmaf=2b2cf9c175a818ad4fdf8faf74463e2b72eb9335
LCEVCdec=14199e86cf7435b53bc21d460c1cb1e3a28b9bab
davs2=b41cf117452e2d73d827f02d3e30aa20f1c721ac
libmysofa=dd315a8ec1fee7193d40e4a59b12c5590a4a918c
libmodplug=d1b97ed0020bc620a059d3675d1854b40bd2608d
opencore-amr=3b67218fb8efb776bcd79e7445774e02d778321d
xavs2=89b1b8c483d7bd1d0a8933817cfeae6af1ad8dcb
chromaprint=655c26f0db4d54014c367e3e714a62e3714792ce
soxr=945b592b70470e29f917f4de89b4281fbbd540c0
rubberband=e4296ac80b1170018a110bc326fd0d45a0eb27d6
game-music-emu=27f79a636bdaad5dc390c673aa3a8993017fbe1e
libcaca=f42aa68fc798db63b7b2a789ae8cf5b90b57b752
libqrencode=715e29fd4cd71b6e452ae0f4e36d917b43122ce8
quirc=927d680904dc95fdff4cd9d022eb374b438ff8f2
xevd=4087f635624cf4ee6ebe3f9ea165ff939b32117f
xeve=bc45faa2e8d22bf33b0d15c025662f2a8de61fbc
freetype=c6cf32de3b3582d0eea9f6372121f0f07d22ae68
libunwind=3c4658cb973b7bf57cb40de1271965b4f5803555
AviSynthPlus=805fda742381bd920a9d7db02f93a1a09d501f8e
libjxl=1bb7f02535a006afbc753282f37a7ec348afe3d1
libplacebo=a68b9680e42208350f141822714c3d969369ef95
zimg=1f53009abc448781042fec90326294e7e55a4a16
kvazaar=4b8a5e0b871a76bfbfc589fa98699f22d8989066
libilbc=6adb26d4a4e159cd66d4b4c5e411cd3de0ab6b5e
glib=813c615be41e913554213f70bdbd41b6b1d4758e
libvpx=b122dc0932009e78f928386c5081bb69d3c2de5c
rtmpdump=6f6bb1353fc84f4cc37138baa99f586750028a01
libxml2=13962f820ebd37b93700252a5b7dcec1acbf62f6
aom=e7e386aff07e0e4cc87bb2619816a5e897f47a73
libwebp=3779daa97f89e007e2c8121a8d4b514ad6dcda56
librist=1a5013b59ce098465e835a0510cd395872bb1c24
theora=23161c4a63fd9f9d09b9e972f95def2d56c777af
harfbuzz=682a2c37c65e5156670f6aed18c30a5a8f74f5cf
